
Microsoft Visual Studio Solution File, Format Version 12.00
# Visual Studio 15
VisualStudioVersion = 15.0.27130.2027
MinimumVisualStudioVersion = 10.0.40219.1
Project("{F184B08F-C81C-45F6-A57F-5ABD9991F28F}") = "Calculator", "Calculator\Calculator.vbproj", "{B73A3291-4A93-472B-9CC2-B7ABE5CE340B}"
EndProject
Global
	GlobalSection(SolutionConfigurationPlatforms) = preSolution
		Debug|Any CPU = Debug|Any CPU
		Release|Any CPU = Release|Any CPU
	EndGlobalSection
	GlobalSection(ProjectConfigurationPlatforms) = postSolution
		{B73A3291-4A93-472B-9CC2-B7ABE5CE340B}.Debug|Any CPU.ActiveCfg = Debug|Any CPU
		{B73A3291-4A93-472B-9CC2-B7ABE5CE340B}.Debug|Any CPU.Build.0 = Debug|Any CPU
		{B73A3291-4A93-472B-9CC2-B7ABE5CE340B}.Release|Any CPU.ActiveCfg = Release|Any CPU
		{B73A3291-4A93-472B-9CC2-B7ABE5CE340B}.Release|Any CPU.Build.0 = Release|Any CPU
	EndGlobalSection
	GlobalSection(SolutionProperties) = preSolution
		HideSolutionNode = FALSE
	EndGlobalSection
	GlobalSection(ExtensibilityGlobals) = postSolution
		SolutionGuid = {FADDC67B-443B-432A-8F4D-80FAA4090C88}
	EndGlobalSection
EndGlobal
